
Microsoft Visual Studio Solution File, Format Version 12.00
# Visual Studio 15
VisualStudioVersion = 15.0.28307.1340
MinimumVisualStudioVersion = 10.0.40219.1
Project("{9A19103F-16F7-4668-BE54-9A1E7A4F7556}") = "Platforms", "Platforms\Platforms.csproj", "{020E25E0-5369-47B1-80A3-968B1A22750D}"
EndProject
Project("{2150E333-8FDC-42A3-9474-1A3956D46DE8}") = "Solution Items", "Solution Items", "{66CCE571-78C7-4BD3-AA25-FE44A18D2D26}"
	ProjectSection(SolutionItems) = preProject
		LICENSE = LICENSE
		README.md = README.md
	EndProjectSection
EndProject
Global
	GlobalSection(SolutionConfigurationPlatforms) = preSolution
		Debug|Any CPU = Debug|Any CPU
		Release|Any CPU = Release|Any CPU
	EndGlobalSection
	GlobalSection(ProjectConfigurationPlatforms) = postSolution
		{020E25E0-5369-47B1-80A3-968B1A22750D}.Debug|Any CPU.ActiveCfg = Debug|Any CPU
		{020E25E0-5369-47B1-80A3-968B1A22750D}.Debug|Any CPU.Build.0 = Debug|Any CPU
		{020E25E0-5369-47B1-80A3-968B1A22750D}.Release|Any CPU.ActiveCfg = Release|Any CPU
		{020E25E0-5369-47B1-80A3-968B1A22750D}.Release|Any CPU.Build.0 = Release|Any CPU
	EndGlobalSection
	GlobalSection(SolutionProperties) = preSolution
		HideSolutionNode = FALSE
	EndGlobalSection
	GlobalSection(ExtensibilityGlobals) = postSolution
		SolutionGuid = {397324B6-C946-4A8A-ADC0-67E41E0CE580}
	EndGlobalSection
EndGlobal
